
Microsoft Visual Studio Solution File, Format Version 12.00
# Visual Studio Version 16
VisualStudioVersion = 16.0.31624.102
MinimumVisualStudioVersion = 10.0.40219.1
Project("{9A19103F-16F7-4668-BE54-9A1E7A4F7556}") = "TradingView", "TradingView\TradingView.csproj", "{D86F1C76-B6FA-40C2-A1D4-126316FCFD93}"
EndProject
Project("{9A19103F-16F7-4668-BE54-9A1E7A4F7556}") = "TradingView.Test", "TradingView.Test\TradingView.Test.csproj", "{6B51487C-DF3A-4EB8-8C54-A6ABAF62364D}"
EndProject
Project("{9A19103F-16F7-4668-BE54-9A1E7A4F7556}") = "TradingView.Examples", "TradingView.Examples\TradingView.Examples.csproj", "{5D96160F-D7A8-4A65-8DFB-E5EDC3170CD8}"
EndProject
Project("{2150E333-8FDC-42A3-9474-1A3956D46DE8}") = "Solution Items", "Solution Items", "{514471DD-10E7-426D-96D6-895633C03251}"
	ProjectSection(SolutionItems) = preProject
		.editorconfig = .editorconfig
		.gitignore = .gitignore
		build.cake = build.cake
		build.ps1 = build.ps1
		build.sh = build.sh
		cake.config = cake.config
		CODE_OF_CONDUCT.md = CODE_OF_CONDUCT.md
		CONTRIBUTING.rst = CONTRIBUTING.rst
		.github\workflows\dotnet.yml = .github\workflows\dotnet.yml
		LICENSE = LICENSE
		.github\workflows\publish.yml = .github\workflows\publish.yml
		PULL_REQUEST_TEMPLATE.md = PULL_REQUEST_TEMPLATE.md
		README.md = README.md
		SharedBuildProperties.props = SharedBuildProperties.props
	EndProjectSection
EndProject
Global
	GlobalSection(SolutionConfigurationPlatforms) = preSolution
		Debug|Any CPU = Debug|Any CPU
		Release|Any CPU = Release|Any CPU
	EndGlobalSection
	GlobalSection(ProjectConfigurationPlatforms) = postSolution
		{D86F1C76-B6FA-40C2-A1D4-126316FCFD93}.Debug|Any CPU.ActiveCfg = Debug|Any CPU
		{D86F1C76-B6FA-40C2-A1D4-126316FCFD93}.Debug|Any CPU.Build.0 = Debug|Any CPU
		{D86F1C76-B6FA-40C2-A1D4-126316FCFD93}.Release|Any CPU.ActiveCfg = Release|Any CPU
		{D86F1C76-B6FA-40C2-A1D4-126316FCFD93}.Release|Any CPU.Build.0 = Release|Any CPU
		{6B51487C-DF3A-4EB8-8C54-A6ABAF62364D}.Debug|Any CPU.ActiveCfg = Debug|Any CPU
		{6B51487C-DF3A-4EB8-8C54-A6ABAF62364D}.Debug|Any CPU.Build.0 = Debug|Any CPU
		{6B51487C-DF3A-4EB8-8C54-A6ABAF62364D}.Release|Any CPU.ActiveCfg = Release|Any CPU
		{6B51487C-DF3A-4EB8-8C54-A6ABAF62364D}.Release|Any CPU.Build.0 = Release|Any CPU
		{5D96160F-D7A8-4A65-8DFB-E5EDC3170CD8}.Debug|Any CPU.ActiveCfg = Debug|Any CPU
		{5D96160F-D7A8-4A65-8DFB-E5EDC3170CD8}.Debug|Any CPU.Build.0 = Debug|Any CPU
		{5D96160F-D7A8-4A65-8DFB-E5EDC3170CD8}.Release|Any CPU.ActiveCfg = Release|Any CPU
		{5D96160F-D7A8-4A65-8DFB-E5EDC3170CD8}.Release|Any CPU.Build.0 = Release|Any CPU
	EndGlobalSection
	GlobalSection(SolutionProperties) = preSolution
		HideSolutionNode = FALSE
	EndGlobalSection
	GlobalSection(ExtensibilityGlobals) = postSolution
		SolutionGuid = {2000F4AD-873A-4A2E-B1D6-C0017B04CFA3}
	EndGlobalSection
EndGlobal
